
Microsoft Visual Studio Solution File, Format Version 11.00
# Visual Studio 2010
Project("{FAE04EC0-301F-11D3-BF4B-00C04F79EFBC}") = "Assembly-CSharp", "Assembly-CSharp.csproj", "{b6086085-f7c0-aaef-58e9-1eca7eb2db51}"
EndProject
Project("{FAE04EC0-301F-11D3-BF4B-00C04F79EFBC}") = "Assembly-CSharp-Editor", "Assembly-CSharp-Editor.csproj", "{f28b6bc9-d361-cc03-adc6-ee57fcfbe943}"
EndProject
Global
	GlobalSection(SolutionConfigurationPlatforms) = preSolution
		Debug|Any CPU = Debug|Any CPU
	EndGlobalSection
	GlobalSection(ProjectConfigurationPlatforms) = postSolution
		{b6086085-f7c0-aaef-58e9-1eca7eb2db51}.Debug|Any CPU.ActiveCfg = Debug|Any CPU
		{b6086085-f7c0-aaef-58e9-1eca7eb2db51}.Debug|Any CPU.Build.0 = Debug|Any CPU
		{f28b6bc9-d361-cc03-adc6-ee57fcfbe943}.Debug|Any CPU.ActiveCfg = Debug|Any CPU
		{f28b6bc9-d361-cc03-adc6-ee57fcfbe943}.Debug|Any CPU.Build.0 = Debug|Any CPU
	EndGlobalSection
	GlobalSection(SolutionProperties) = preSolution
		HideSolutionNode = FALSE
	EndGlobalSection
EndGlobal
